// !$*UTF8*$!
{
	archiveVersion = 1;
	classes = {
	};
	objectVersion = 56;
	objects = {

/* Begin PBXAggregateTarget section */
		9D677F0829CE802000C6C52B /* SwiftLint */ = {
			isa = PBXAggregateTarget;
			buildConfigurationList = 9D677F0B29CE802000C6C52B /* Build configuration list for PBXAggregateTarget "SwiftLint" */;
			buildPhases = (
				9D677F0C29CE822600C6C52B /* SwiftLint */,
			);
			dependencies = (
			);
			name = SwiftLint;
			productName = SwiftLint;
		};
		9D677F0F29CE836800C6C52B /* SwiftLint (autocorrect) */ = {
			isa = PBXAggregateTarget;
			buildConfigurationList = 9D677F1129CE836800C6C52B /* Build configuration list for PBXAggregateTarget "SwiftLint (autocorrect)" */;
			buildPhases = (
				9D677F1029CE836800C6C52B /* SwiftLint (autocorrect) */,
			);
			dependencies = (
			);
			name = "SwiftLint (autocorrect)";
			productName = SwiftLint;
		};
/* End PBXAggregateTarget section */

/* Begin PBXBuildFile section */
		7248EB062F3AB938A16B8740 /* Pods_LinkedLabel.framework in Frameworks */ = {isa = PBXBuildFile; fileRef = DA3F17208B7CFDACE31D71A9 /* Pods_LinkedLabel.framework */; };
		9D677F0029C000D100C6C52B /* LinkedLabel.h in Headers */ = {isa = PBXBuildFile; fileRef = 9D677EFF29C000D100C6C52B /* LinkedLabel.h */; settings = {ATTRIBUTES = (Public, ); }; };
		9D677F0729C000EC00C6C52B /* LinkedLabel.swift in Sources */ = {isa = PBXBuildFile; fileRef = 9D677F0629C000EC00C6C52B /* LinkedLabel.swift */; };
		9D677F1529CFFFEA00C6C52B /* TextLink.swift in Sources */ = {isa = PBXBuildFile; fileRef = 9D677F1429CFFFEA00C6C52B /* TextLink.swift */; };
		9D677F1729D0017D00C6C52B /* RangeLink.swift in Sources */ = {isa = PBXBuildFile; fileRef = 9D677F1629D0017D00C6C52B /* RangeLink.swift */; };
/* End PBXBuildFile section */

/* Begin PBXFileReference section */
		16B01788DAF642F5978A07AF /* Pods-LinkedLabel.release.xcconfig */ = {isa = PBXFileReference; includeInIndex = 1; lastKnownFileType = text.xcconfig; name = "Pods-LinkedLabel.release.xcconfig"; path = "Target Support Files/Pods-LinkedLabel/Pods-LinkedLabel.release.xcconfig"; sourceTree = "<group>"; };
		646DD7C4EFDE406D283E5934 /* Pods-LinkedLabel.debug.xcconfig */ = {isa = PBXFileReference; includeInIndex = 1; lastKnownFileType = text.xcconfig; name = "Pods-LinkedLabel.debug.xcconfig"; path = "Target Support Files/Pods-LinkedLabel/Pods-LinkedLabel.debug.xcconfig"; sourceTree = "<group>"; };
		9D677EFC29C000D100C6C52B /* LinkedLabel.framework */ = {isa = PBXFileReference; explicitFileType = wrapper.framework; includeInIndex = 0; path = LinkedLabel.framework; sourceTree = BUILT_PRODUCTS_DIR; };
		9D677EFF29C000D100C6C52B /* LinkedLabel.h */ = {isa = PBXFileReference; lastKnownFileType = sourcecode.c.h; path = LinkedLabel.h; sourceTree = "<group>"; };
		9D677F0629C000EC00C6C52B /* LinkedLabel.swift */ = {isa = PBXFileReference; lastKnownFileType = sourcecode.swift; path = LinkedLabel.swift; sourceTree = "<group>"; };
		9D677F1429CFFFEA00C6C52B /* TextLink.swift */ = {isa = PBXFileReference; lastKnownFileType = sourcecode.swift; path = TextLink.swift; sourceTree = "<group>"; };
		9D677F1629D0017D00C6C52B /* RangeLink.swift */ = {isa = PBXFileReference; lastKnownFileType = sourcecode.swift; path = RangeLink.swift; sourceTree = "<group>"; };
		DA3F17208B7CFDACE31D71A9 /* Pods_LinkedLabel.framework */ = {isa = PBXFileReference; explicitFileType = wrapper.framework; includeInIndex = 0; path = Pods_LinkedLabel.framework; sourceTree = BUILT_PRODUCTS_DIR; };
/* End PBXFileReference section */

/* Begin PBXFrameworksBuildPhase section */
		9D677EF929C000D100C6C52B /* Frameworks */ = {
			isa = PBXFrameworksBuildPhase;
			buildActionMask = 2147483647;
			files = (
				7248EB062F3AB938A16B8740 /* Pods_LinkedLabel.framework in Frameworks */,
			);
			runOnlyForDeploymentPostprocessing = 0;
		};
/* End PBXFrameworksBuildPhase section */

/* Begin PBXGroup section */
		9D677EF229C000D100C6C52B = {
			isa = PBXGroup;
			children = (
				9D677EFE29C000D100C6C52B /* LinkedLabel */,
				9D677EFD29C000D100C6C52B /* Products */,
				B78A8C21C0C605A9B56689DB /* Pods */,
				BEE2B7F451EC315C41BA121D /* Frameworks */,
			);
			sourceTree = "<group>";
		};
		9D677EFD29C000D100C6C52B /* Products */ = {
			isa = PBXGroup;
			children = (
				9D677EFC29C000D100C6C52B /* LinkedLabel.framework */,
			);
			name = Products;
			sourceTree = "<group>";
		};
		9D677EFE29C000D100C6C52B /* LinkedLabel */ = {
			isa = PBXGroup;
			children = (
				9D677F0629C000EC00C6C52B /* LinkedLabel.swift */,
				9D677EFF29C000D100C6C52B /* LinkedLabel.h */,
				9D677F1429CFFFEA00C6C52B /* TextLink.swift */,
				9D677F1629D0017D00C6C52B /* RangeLink.swift */,
			);
			path = LinkedLabel;
			sourceTree = "<group>";
		};
		B78A8C21C0C605A9B56689DB /* Pods */ = {
			isa = PBXGroup;
			children = (
				646DD7C4EFDE406D283E5934 /* Pods-LinkedLabel.debug.xcconfig */,
				16B01788DAF642F5978A07AF /* Pods-LinkedLabel.release.xcconfig */,
			);
			path = Pods;
			sourceTree = "<group>";
		};
		BEE2B7F451EC315C41BA121D /* Frameworks */ = {
			isa = PBXGroup;
			children = (
				DA3F17208B7CFDACE31D71A9 /* Pods_LinkedLabel.framework */,
			);
			name = Frameworks;
			sourceTree = "<group>";
		};
/* End PBXGroup section */

/* Begin PBXHeadersBuildPhase section */
		9D677EF729C000D100C6C52B /* Headers */ = {
			isa = PBXHeadersBuildPhase;
			buildActionMask = 2147483647;
			files = (
				9D677F0029C000D100C6C52B /* LinkedLabel.h in Headers */,
			);
			runOnlyForDeploymentPostprocessing = 0;
		};
/* End PBXHeadersBuildPhase section */

/* Begin PBXNativeTarget section */
		9D677EFB29C000D100C6C52B /* LinkedLabel */ = {
			isa = PBXNativeTarget;
			buildConfigurationList = 9D677F0329C000D100C6C52B /* Build configuration list for PBXNativeTarget "LinkedLabel" */;
			buildPhases = (
				D3894321A78A4A80E16AA9B1 /* [CP] Check Pods Manifest.lock */,
				9D677EF729C000D100C6C52B /* Headers */,
				9D677EF829C000D100C6C52B /* Sources */,
				9D677EF929C000D100C6C52B /* Frameworks */,
				9D677EFA29C000D100C6C52B /* Resources */,
			);
			buildRules = (
			);
			dependencies = (
			);
			name = LinkedLabel;
			productName = LinkedLabel;
			productReference = 9D677EFC29C000D100C6C52B /* LinkedLabel.framework */;
			productType = "com.apple.product-type.framework";
		};
/* End PBXNativeTarget section */

/* Begin PBXProject section */
		9D677EF329C000D100C6C52B /* Project object */ = {
			isa = PBXProject;
			attributes = {
				BuildIndependentTargetsInParallel = 1;
				LastUpgradeCheck = 1420;
				ORGANIZATIONNAME = "Project Flora";
				TargetAttributes = {
					9D677EFB29C000D100C6C52B = {
						CreatedOnToolsVersion = 14.2;
						LastSwiftMigration = 1420;
					};
					9D677F0829CE802000C6C52B = {
						CreatedOnToolsVersion = 14.2;
					};
				};
			};
			buildConfigurationList = 9D677EF629C000D100C6C52B /* Build configuration list for PBXProject "LinkedLabel" */;
			compatibilityVersion = "Xcode 14.0";
			developmentRegion = en;
			hasScannedForEncodings = 0;
			knownRegions = (
				en,
				Base,
			);
			mainGroup = 9D677EF229C000D100C6C52B;
			productRefGroup = 9D677EFD29C000D100C6C52B /* Products */;
			projectDirPath = "";
			projectRoot = "";
			targets = (
				9D677EFB29C000D100C6C52B /* LinkedLabel */,
				9D677F0829CE802000C6C52B /* SwiftLint */,
				9D677F0F29CE836800C6C52B /* SwiftLint (autocorrect) */,
			);
		};
/* End PBXProject section */

/* Begin PBXResourcesBuildPhase section */
		9D677EFA29C000D100C6C52B /* Resources */ = {
			isa = PBXResourcesBuildPhase;
			buildActionMask = 2147483647;
			files = (
			);
			runOnlyForDeploymentPostprocessing = 0;
		};
/* End PBXResourcesBuildPhase section */

/* Begin PBXShellScriptBuildPhase section */
		9D677F0C29CE822600C6C52B /* SwiftLint */ = {
			isa = PBXShellScriptBuildPhase;
			buildActionMask = 2147483647;
			files = (
			);
			inputFileListPaths = (
			);
			inputPaths = (
			);
			name = SwiftLint;
			outputFileListPaths = (
			);
			outputPaths = (
			);
			runOnlyForDeploymentPostprocessing = 0;
			shellPath = /bin/sh;
			shellScript = "\"${PODS_ROOT}/SwiftLint/swiftlint\"\n";
		};
		9D677F1029CE836800C6C52B /* SwiftLint (autocorrect) */ = {
			isa = PBXShellScriptBuildPhase;
			buildActionMask = 2147483647;
			files = (
			);
			inputFileListPaths = (
			);
			inputPaths = (
			);
			name = "SwiftLint (autocorrect)";
			outputFileListPaths = (
			);
			outputPaths = (
			);
			runOnlyForDeploymentPostprocessing = 0;
			shellPath = /bin/sh;
			shellScript = "\"${PODS_ROOT}/SwiftLint/swiftlint\" --autocorrect\n";
		};
		D3894321A78A4A80E16AA9B1 /* [CP] Check Pods Manifest.lock */ = {
			isa = PBXShellScriptBuildPhase;
			buildActionMask = 2147483647;
			files = (
			);
			inputFileListPaths = (
			);
			inputPaths = (
				"${PODS_PODFILE_DIR_PATH}/Podfile.lock",
				"${PODS_ROOT}/Manifest.lock",
			);
			name = "[CP] Check Pods Manifest.lock";
			outputFileListPaths = (
			);
			outputPaths = (
				"$(DERIVED_FILE_DIR)/Pods-LinkedLabel-checkManifestLockResult.txt",
			);
			runOnlyForDeploymentPostprocessing = 0;
			shellPath = /bin/sh;
			shellScript = "diff \"${PODS_PODFILE_DIR_PATH}/Podfile.lock\" \"${PODS_ROOT}/Manifest.lock\" > /dev/null\nif [ $? != 0 ] ; then\n    # print error to STDERR\n    echo \"error: The sandbox is not in sync with the Podfile.lock. Run 'pod install' or update your CocoaPods installation.\" >&2\n    exit 1\nfi\n# This output is used by Xcode 'outputs' to avoid re-running this script phase.\necho \"SUCCESS\" > \"${SCRIPT_OUTPUT_FILE_0}\"\n";
			showEnvVarsInLog = 0;
		};
/* End PBXShellScriptBuildPhase section */

/* Begin PBXSourcesBuildPhase section */
		9D677EF829C000D100C6C52B /* Sources */ = {
			isa = PBXSourcesBuildPhase;
			buildActionMask = 2147483647;
			files = (
				9D677F0729C000EC00C6C52B /* LinkedLabel.swift in Sources */,
				9D677F1729D0017D00C6C52B /* RangeLink.swift in Sources */,
				9D677F1529CFFFEA00C6C52B /* TextLink.swift in Sources */,
			);
			runOnlyForDeploymentPostprocessing = 0;
		};
/* End PBXSourcesBuildPhase section */

/* Begin XCBuildConfiguration section */
		9D677F0129C000D100C6C52B /* Debug */ = {
			isa = XCBuildConfiguration;
			buildSettings = {
				ALWAYS_SEARCH_USER_PATHS = NO;
				CLANG_ANALYZER_NONNULL = YES;
				CLANG_ANALYZER_NUMBER_OBJECT_CONVERSION = YES_AGGRESSIVE;
				CLANG_CXX_LANGUAGE_STANDARD = "gnu++20";
				CLANG_ENABLE_MODULES = YES;
				CLANG_ENABLE_OBJC_ARC = YES;
				CLANG_ENABLE_OBJC_WEAK = YES;
				CLANG_WARN_BLOCK_CAPTURE_AUTORELEASING = YES;
				CLANG_WARN_BOOL_CONVERSION = YES;
				CLANG_WARN_COMMA = YES;
				CLANG_WARN_CONSTANT_CONVERSION = YES;
				CLANG_WARN_DEPRECATED_OBJC_IMPLEMENTATIONS = YES;
				CLANG_WARN_DIRECT_OBJC_ISA_USAGE = YES_ERROR;
				CLANG_WARN_DOCUMENTATION_COMMENTS = YES;
				CLANG_WARN_EMPTY_BODY = YES;
				CLANG_WARN_ENUM_CONVERSION = YES;
				CLANG_WARN_INFINITE_RECURSION = YES;
				CLANG_WARN_INT_CONVERSION = YES;
				CLANG_WARN_NON_LITERAL_NULL_CONVERSION = YES;
				CLANG_WARN_OBJC_IMPLICIT_RETAIN_SELF = YES;
				CLANG_WARN_OBJC_LITERAL_CONVERSION = YES;
				CLANG_WARN_OBJC_ROOT_CLASS = YES_ERROR;
				CLANG_WARN_QUOTED_INCLUDE_IN_FRAMEWORK_HEADER = YES;
				CLANG_WARN_RANGE_LOOP_ANALYSIS = YES;
				CLANG_WARN_STRICT_PROTOTYPES = YES;
				CLANG_WARN_SUSPICIOUS_MOVE = YES;
				CLANG_WARN_UNGUARDED_AVAILABILITY = YES_AGGRESSIVE;
				CLANG_WARN_UNREACHABLE_CODE = YES;
				CLANG_WARN__DUPLICATE_METHOD_MATCH = YES;
				COPY_PHASE_STRIP = NO;
				CURRENT_PROJECT_VERSION = 1;
				DEBUG_INFORMATION_FORMAT = dwarf;
				ENABLE_STRICT_OBJC_MSGSEND = YES;
				ENABLE_TESTABILITY = YES;
				GCC_C_LANGUAGE_STANDARD = gnu11;
				GCC_DYNAMIC_NO_PIC = NO;
				GCC_NO_COMMON_BLOCKS = YES;
				GCC_OPTIMIZATION_LEVEL = 0;
				GCC_PREPROCESSOR_DEFINITIONS = (
					"DEBUG=1",
					"$(inherited)",
				);
				GCC_WARN_64_TO_32_BIT_CONVERSION = YES;
				GCC_WARN_ABOUT_RETURN_TYPE = YES_ERROR;
				GCC_WARN_UNDECLARED_SELECTOR = YES;
				GCC_WARN_UNINITIALIZED_AUTOS = YES_AGGRESSIVE;
				GCC_WARN_UNUSED_FUNCTION = YES;
				GCC_WARN_UNUSED_VARIABLE = YES;
				IPHONEOS_DEPLOYMENT_TARGET = 15.0;
				MACOSX_DEPLOYMENT_TARGET = 12.0;
				MTL_ENABLE_DEBUG_INFO = INCLUDE_SOURCE;
				MTL_FAST_MATH = YES;
				ONLY_ACTIVE_ARCH = YES;
				SWIFT_ACTIVE_COMPILATION_CONDITIONS = DEBUG;
				SWIFT_OPTIMIZATION_LEVEL = "-Onone";
				VERSIONING_SYSTEM = "apple-generic";
				VERSION_INFO_PREFIX = "";
			};
			name = Debug;
		};
		9D677F0229C000D100C6C52B /* Release */ = {
			isa = XCBuildConfiguration;
			buildSettings = {
				ALWAYS_SEARCH_USER_PATHS = NO;
				CLANG_ANALYZER_NONNULL = YES;
				CLANG_ANALYZER_NUMBER_OBJECT_CONVERSION = YES_AGGRESSIVE;
				CLANG_CXX_LANGUAGE_STANDARD = "gnu++20";
				CLANG_ENABLE_MODULES = YES;
				CLANG_ENABLE_OBJC_ARC = YES;
				CLANG_ENABLE_OBJC_WEAK = YES;
				CLANG_WARN_BLOCK_CAPTURE_AUTORELEASING = YES;
				CLANG_WARN_BOOL_CONVERSION = YES;
				CLANG_WARN_COMMA = YES;
				CLANG_WARN_CONSTANT_CONVERSION = YES;
				CLANG_WARN_DEPRECATED_OBJC_IMPLEMENTATIONS = YES;
				CLANG_WARN_DIRECT_OBJC_ISA_USAGE = YES_ERROR;
				CLANG_WARN_DOCUMENTATION_COMMENTS = YES;
				CLANG_WARN_EMPTY_BODY = YES;
				CLANG_WARN_ENUM_CONVERSION = YES;
				CLANG_WARN_INFINITE_RECURSION = YES;
				CLANG_WARN_INT_CONVERSION = YES;
				CLANG_WARN_NON_LITERAL_NULL_CONVERSION = YES;
				CLANG_WARN_OBJC_IMPLICIT_RETAIN_SELF = YES;
				CLANG_WARN_OBJC_LITERAL_CONVERSION = YES;
				CLANG_WARN_OBJC_ROOT_CLASS = YES_ERROR;
				CLANG_WARN_QUOTED_INCLUDE_IN_FRAMEWORK_HEADER = YES;
				CLANG_WARN_RANGE_LOOP_ANALYSIS = YES;
				CLANG_WARN_STRICT_PROTOTYPES = YES;
				CLANG_WARN_SUSPICIOUS_MOVE = YES;
				CLANG_WARN_UNGUARDED_AVAILABILITY = YES_AGGRESSIVE;
				CLANG_WARN_UNREACHABLE_CODE = YES;
				CLANG_WARN__DUPLICATE_METHOD_MATCH = YES;
				COPY_PHASE_STRIP = NO;
				CURRENT_PROJECT_VERSION = 1;
				DEBUG_INFORMATION_FORMAT = "dwarf-with-dsym";
				ENABLE_NS_ASSERTIONS = NO;
				ENABLE_STRICT_OBJC_MSGSEND = YES;
				GCC_C_LANGUAGE_STANDARD = gnu11;
				GCC_NO_COMMON_BLOCKS = YES;
				GCC_WARN_64_TO_32_BIT_CONVERSION = YES;
				GCC_WARN_ABOUT_RETURN_TYPE = YES_ERROR;
				GCC_WARN_UNDECLARED_SELECTOR = YES;
				GCC_WARN_UNINITIALIZED_AUTOS = YES_AGGRESSIVE;
				GCC_WARN_UNUSED_FUNCTION = YES;
				GCC_WARN_UNUSED_VARIABLE = YES;
				IPHONEOS_DEPLOYMENT_TARGET = 15.0;
				MACOSX_DEPLOYMENT_TARGET = 12.0;
				MTL_ENABLE_DEBUG_INFO = NO;
				MTL_FAST_MATH = YES;
				SWIFT_COMPILATION_MODE = wholemodule;
				SWIFT_OPTIMIZATION_LEVEL = "-O";
				VERSIONING_SYSTEM = "apple-generic";
				VERSION_INFO_PREFIX = "";
			};
			name = Release;
		};
		9D677F0429C000D100C6C52B /* Debug */ = {
			isa = XCBuildConfiguration;
			baseConfigurationReference = 646DD7C4EFDE406D283E5934 /* Pods-LinkedLabel.debug.xcconfig */;
			buildSettings = {
				CLANG_ENABLE_MODULES = YES;
				CODE_SIGN_STYLE = Automatic;
				CURRENT_PROJECT_VERSION = 0.0.1;
				DEFINES_MODULE = YES;
				DEVELOPMENT_TEAM = WT6BA589VL;
				DYLIB_COMPATIBILITY_VERSION = 1;
				DYLIB_CURRENT_VERSION = 1;
				DYLIB_INSTALL_NAME_BASE = "@rpath";
				GENERATE_INFOPLIST_FILE = YES;
				INFOPLIST_KEY_NSHumanReadableCopyright = "";
				INSTALL_PATH = "$(LOCAL_LIBRARY_DIR)/Frameworks";
				IPHONEOS_DEPLOYMENT_TARGET = 15.0;
				LD_RUNPATH_SEARCH_PATHS = (
					"@executable_path/Frameworks",
					"@loader_path/Frameworks",
				);
				"LD_RUNPATH_SEARCH_PATHS[sdk=macosx*]" = (
					"@executable_path/../Frameworks",
					"@loader_path/Frameworks",
				);
				MACOSX_DEPLOYMENT_TARGET = 13.1;
				MARKETING_VERSION = 0.0.1;
				PRODUCT_BUNDLE_IDENTIFIER = "net.project-flora.LinkedLabel";
				PRODUCT_NAME = "$(TARGET_NAME:c99extidentifier)";
				SDKROOT = auto;
				SKIP_INSTALL = YES;
				SUPPORTED_PLATFORMS = "iphoneos iphonesimulator";
				SUPPORTS_MACCATALYST = NO;
				SUPPORTS_MAC_DESIGNED_FOR_IPHONE_IPAD = YES;
				SWIFT_EMIT_LOC_STRINGS = YES;
				SWIFT_OPTIMIZATION_LEVEL = "-Onone";
				SWIFT_VERSION = 5.0;
				TARGETED_DEVICE_FAMILY = "1,2";
			};
			name = Debug;
		};
		9D677F0529C000D100C6C52B /* Release */ = {
			isa = XCBuildConfiguration;
			baseConfigurationReference = 16B01788DAF642F5978A07AF /* Pods-LinkedLabel.release.xcconfig */;
			buildSettings = {
				CLANG_ENABLE_MODULES = YES;
				CODE_SIGN_STYLE = Automatic;
				CURRENT_PROJECT_VERSION = 0.0.1;
				DEFINES_MODULE = YES;
				DEVELOPMENT_TEAM = WT6BA589VL;
				DYLIB_COMPATIBILITY_VERSION = 1;
				DYLIB_CURRENT_VERSION = 1;
				DYLIB_INSTALL_NAME_BASE = "@rpath";
				GENERATE_INFOPLIST_FILE = YES;
				INFOPLIST_KEY_NSHumanReadableCopyright = "";
				INSTALL_PATH = "$(LOCAL_LIBRARY_DIR)/Frameworks";
				IPHONEOS_DEPLOYMENT_TARGET = 15.0;
				LD_RUNPATH_SEARCH_PATHS = (
					"@executable_path/Frameworks",
					"@loader_path/Frameworks",
				);
				"LD_RUNPATH_SEARCH_PATHS[sdk=macosx*]" = (
					"@executable_path/../Frameworks",
					"@loader_path/Frameworks",
				);
				MACOSX_DEPLOYMENT_TARGET = 13.1;
				MARKETING_VERSION = 0.0.1;
				PRODUCT_BUNDLE_IDENTIFIER = "net.project-flora.LinkedLabel";
				PRODUCT_NAME = "$(TARGET_NAME:c99extidentifier)";
				SDKROOT = auto;
				SKIP_INSTALL = YES;
				SUPPORTED_PLATFORMS = "iphoneos iphonesimulator";
				SUPPORTS_MACCATALYST = NO;
				SUPPORTS_MAC_DESIGNED_FOR_IPHONE_IPAD = YES;
				SWIFT_EMIT_LOC_STRINGS = YES;
				SWIFT_VERSION = 5.0;
				TARGETED_DEVICE_FAMILY = "1,2";
			};
			name = Release;
		};
		9D677F0929CE802000C6C52B /* Debug */ = {
			isa = XCBuildConfiguration;
			buildSettings = {
				CODE_SIGN_STYLE = Automatic;
				DEVELOPMENT_TEAM = WT6BA589VL;
				PODS_ROOT = "${SRCROOT}/Pods";
			};
			name = Debug;
		};
		9D677F0A29CE802000C6C52B /* Release */ = {
			isa = XCBuildConfiguration;
			buildSettings = {
				CODE_SIGN_STYLE = Automatic;
				DEVELOPMENT_TEAM = WT6BA589VL;
				PODS_ROOT = "${SRCROOT}/Pods";
			};
			name = Release;
		};
		9D677F1229CE836800C6C52B /* Debug */ = {
			isa = XCBuildConfiguration;
			buildSettings = {
				CODE_SIGN_STYLE = Automatic;
				DEVELOPMENT_TEAM = WT6BA589VL;
				PODS_ROOT = "${SRCROOT}/Pods";
			};
			name = Debug;
		};
		9D677F1329CE836800C6C52B /* Release */ = {
			isa = XCBuildConfiguration;
			buildSettings = {
				CODE_SIGN_STYLE = Automatic;
				DEVELOPMENT_TEAM = WT6BA589VL;
				PODS_ROOT = "${SRCROOT}/Pods";
			};
			name = Release;
		};
/* End XCBuildConfiguration section */

/* Begin XCConfigurationList section */
		9D677EF629C000D100C6C52B /* Build configuration list for PBXProject "LinkedLabel" */ = {
			isa = XCConfigurationList;
			buildConfigurations = (
				9D677F0129C000D100C6C52B /* Debug */,
				9D677F0229C000D100C6C52B /* Release */,
			);
			defaultConfigurationIsVisible = 0;
			defaultConfigurationName = Release;
		};
		9D677F0329C000D100C6C52B /* Build configuration list for PBXNativeTarget "LinkedLabel" */ = {
			isa = XCConfigurationList;
			buildConfigurations = (
				9D677F0429C000D100C6C52B /* Debug */,
				9D677F0529C000D100C6C52B /* Release */,
			);
			defaultConfigurationIsVisible = 0;
			defaultConfigurationName = Release;
		};
		9D677F0B29CE802000C6C52B /* Build configuration list for PBXAggregateTarget "SwiftLint" */ = {
			isa = XCConfigurationList;
			buildConfigurations = (
				9D677F0929CE802000C6C52B /* Debug */,
				9D677F0A29CE802000C6C52B /* Release */,
			);
			defaultConfigurationIsVisible = 0;
			defaultConfigurationName = Release;
		};
		9D677F1129CE836800C6C52B /* Build configuration list for PBXAggregateTarget "SwiftLint (autocorrect)" */ = {
			isa = XCConfigurationList;
			buildConfigurations = (
				9D677F1229CE836800C6C52B /* Debug */,
				9D677F1329CE836800C6C52B /* Release */,
			);
			defaultConfigurationIsVisible = 0;
			defaultConfigurationName = Release;
		};
/* End XCConfigurationList section */
	};
	rootObject = 9D677EF329C000D100C6C52B /* Project object */;
}
